{
  "nodes": {
    "audio-cpp": {
      "inputs": {
        "nixpkgs": [
          "nixpkgs"
        ]
      },
      "locked": {
        "lastModified": 1789172296,
        "narHash": "sha256-fWv87iQPApvVKt+5hsTJTUyfUO573OoWcY0BgBH5wnM=",
        "owner": "0xShug0",
        "repo": "audio.cpp",
        "rev": "5bea9c726881f6a7ce3e9adf18c060b5a6a8eb8e",
        "type": "github"
      },
      "original": {
        "owner": "0xShug0",
        "repo": "audio.cpp",
        "type": "github"
      }
    },
    "base16": {
      "inputs": {
        "fromYaml": "fromYaml"
      },
      "locked": {
        "lastModified": 1755819240,
        "narHash": "sha256-qcMhnL7aGAuFuutH4rq9fvAhCpJWVHLcHVZLtPctPlo=",
        "owner": "SenchoPens",
        "repo": "base16.nix",
        "rev": "75ed5e5e3fce37df22e49125181fa37899c3ccd6",
        "type": "github"
      },
      "original": {
        "owner": "SenchoPens",
        "repo": "base16.nix",
        "type": "github"
      }
    },
    "base16-fish": {
      "flake": false,
      "locked": {
        "lastModified": 1765809053,
        "narHash": "sha256-XCUQLoLfBJ8saWms2HCIj4NEN+xNsWBlU1NrEPcQG4s=",
        "owner": "tomyun",
        "repo": "base16-fish",
        "rev": "86cbea4dca62e08fb7fd83a70e96472f92574782",
        "type": "github"
      },
      "original": {
        "owner": "tomyun",
        "repo": "base16-fish",
        "rev": "86cbea4dca62e08fb7fd83a70e96472f92574782",
        "type": "github"
      }
    },
    "base16-helix": {
      "flake": false,
      "locked": {
        "lastModified": 1776754714,
        "narHash": "sha256-E3OAK27smtATTmX45uoTSRsVD+Y+ZiVVfgM/tjpbtYg=",
        "owner": "tinted-theming",
        "repo": "base16-helix",
        "rev": "4d508123037e7851ad36ebf7d9c48b0e9e1eb581",
        "type": "github"
      },
      "original": {
        "owner": "tinted-theming",
        "repo": "base16-helix",
        "type": "github"
      }
    },
    "base16-vim": {
      "flake": false,
      "locked": {
        "lastModified": 1732806396,
        "narHash": "sha256-e0bpPySdJf0F68Ndanwm+KWHgQiZ0s7liLhvJSWDNsA=",
        "owner": "tinted-theming",
        "repo": "base16-vim",
        "rev": "577fe8125d74ff456cf942c733a85d769afe58b7",
        "type": "github"
      },
      "original": {
        "owner": "tinted-theming",
        "repo": "base16-vim",
        "rev": "577fe8125d74ff456cf942c733a85d769afe58b7",
        "type": "github"
      }
    },
    "betterfox-nix": {
      "inputs": {
        "flake-parts": [
          "flake-parts"
        ],
        "import-tree": "import-tree",
        "nixpkgs": [
          "nixpkgs"
        ],
        "systems": [
          "systems"
        ]
      },
      "locked": {
        "lastModified": 1783360235,
        "narHash": "sha256-o830TyiQRg9yl8jmoCIPUcA5wdOALETPSnrUAC63XwY=",
        "owner": "HeitorAugustoLN",
        "repo": "betterfox-nix",
        "rev": "bb2405b45e8b7a44ec23915a7993ea5a25dc70c8",
        "type": "github"
      },
      "original": {
        "owner": "HeitorAugustoLN",
        "repo": "betterfox-nix",
        "type": "github"
      }
    },
    "bun2nix": {
      "inputs": {
        "flake-parts": [
          "llm-agents",
          "flake-parts"
        ],
        "nixpkgs": [
          "llm-agents",
          "nixpkgs"
        ],
        "systems": [
          "llm-agents",
          "systems"
        ],
        "treefmt-nix": [
          "llm-agents",
          "treefmt-nix"
        ]
      },
      "locked": {
        "lastModified": 1788011267,
        "narHash": "sha256-mEq2kU+ljompTToZ44Afvm7d/rHJ5iMBl0tjZuyShJs=",
        "owner": "Mic92",
        "repo": "bun2nix",
        "rev": "5765b0614591f75ee8ba5596e81ae85c167d1071",
        "type": "github"
      },
      "original": {
        "owner": "Mic92",
        "ref": "fix-structured-attrs-hook",
        "repo": "bun2nix",
        "type": "github"
      }
    },
    "chinese-fonts-overlay": {
      "inputs": {
        "nixpkgs": [
          "nixpkgs"
        ]
      },
      "locked": {
        "lastModified": 1783394282,
        "narHash": "sha256-aHKHSvTLProiVzyMKOo+nbRff9Ts3dTX9PpxlYcc084=",
        "owner": "brsvh",
        "repo": "chinese-fonts-overlay",
        "rev": "da90d47fa1a6f8fbfcc5795bc9351c98142f37ea",
        "type": "github"
      },
      "original": {
        "owner": "brsvh",
        "repo": "chinese-fonts-overlay",
        "type": "github"
      }
    },
    "colmena": {
      "inputs": {
        "flake-compat": [
          "flake-compat"
        ],
        "flake-utils": [
          "flake-utils"
        ],
        "nix-github-actions": "nix-github-actions",
        "nixpkgs": [
          "nixpkgs"
        ],
        "stable": [
          "nixpkgs"
        ]
      },
      "locked": {
        "lastModified": 1786742289,
        "narHash": "sha256-r61K9svFDQkI5jONYksneDtDT5c4SkWrZVD3ni5O6Ak=",
        "owner": "zhaofengli",
        "repo": "colmena",
        "rev": "dc22786a43315b212eeafe13409a7203328e5a30",
        "type": "github"
      },
      "original": {
        "owner": "zhaofengli",
        "repo": "colmena",
        "type": "github"
      }
    },
    "comfyui-nix": {
      "inputs": {
        "flake-parts": [
          "flake-parts"
        ],
        "nixpkgs": "nixpkgs"
      },
      "locked": {
        "lastModified": 1788968328,
        "narHash": "sha256-mx9MwY1G1SFTWe1XwHgXTdFKdlmGhYsL8LQcPRMF/QE=",
        "owner": "utensils",
        "repo": "comfyui-nix",
        "rev": "5e6d5155d302a015645164d195a6ad79f00ed43a",
        "type": "github"
      },
      "original": {
        "owner": "utensils",
        "repo": "comfyui-nix",
        "type": "github"
      }
    },
    "country-ip-blocks": {
      "flake": false,
      "locked": {
        "lastModified": 1789091525,
        "narHash": "sha256-3m4Mn4qP3YGQRhliM5KxO/KwV65PCaMzEg4mzlZE2Bc=",
        "owner": "ipverse",
        "repo": "country-ip-blocks",
        "rev": "1b43de9b63e71b47589ac556a57ed8a7b21eebd0",
        "type": "github"
      },
      "original": {
        "owner": "ipverse",
        "repo": "country-ip-blocks",
        "type": "github"
      }
    },
    "crane": {
      "locked": {
        "lastModified": 1788465171,
        "narHash": "sha256-Y1/TTVXjYXGF068IThQH9fPSZ0SIE74PABlUxnWTUH0=",
        "owner": "ipetkov",
        "repo": "crane",
        "rev": "eb35abda9f232cc6610b1d1e3200d15c49b7ac54",
        "type": "github"
      },
      "original": {
        "owner": "ipetkov",
        "repo": "crane",
        "type": "github"
      }
    },
    "devshell": {
      "inputs": {
        "nixpkgs": [
          "nur-xddxdd",
          "nixpkgs"
        ]
      },
      "locked": {
        "lastModified": 1788342953,
        "narHash": "sha256-EWkNM4JzBhZ/Yn1PG6lP4/QJuFAFeHYlY5gVxXu940Y=",
        "owner": "numtide",
        "repo": "devshell",
        "rev": "a67c0f87b63bcbdbdcb56785bec0205a2e3d6026",
        "type": "github"
      },
      "original": {
        "owner": "numtide",
        "repo": "devshell",
        "type": "github"
      }
    },
    "devshell_2": {
      "inputs": {
        "nixpkgs": [
          "zhyi-packages",
          "nixpkgs"
        ]
      },
      "locked": {
        "lastModified": 1788342953,
        "narHash": "sha256-EWkNM4JzBhZ/Yn1PG6lP4/QJuFAFeHYlY5gVxXu940Y=",
        "owner": "numtide",
        "repo": "devshell",
        "rev": "a67c0f87b63bcbdbdcb56785bec0205a2e3d6026",
        "type": "github"
      },
      "original": {
        "owner": "numtide",
        "repo": "devshell",
        "type": "github"
      }
    },
    "fast-nix-gc": {
      "inputs": {
        "nix-darwin": "nix-darwin",
        "nixpkgs": [
          "nixpkgs"
        ],
        "treefmt-nix": [
          "treefmt-nix"
        ]
      },
      "locked": {
        "lastModified": 1789044264,
        "narHash": "sha256-IGiThwVbnJRrWkFXngryoDxa0uPZJnP4fU+dfRWWJxk=",
        "owner": "Mic92",
        "repo": "fast-nix-gc",
        "rev": "4225a2de3f3b4f1a680d41ad79214b8a973d087b",
        "type": "github"
      },
      "original": {
        "owner": "Mic92",
        "repo": "fast-nix-gc",
        "type": "github"
      }
    },
    "firefox-addons": {
      "inputs": {
        "flake-utils": [
          "flake-utils"
        ],
        "nixpkgs": [
          "nixpkgs"
        ]
      },
      "locked": {
        "lastModified": 1789091782,
        "narHash": "sha256-G+V0rdbc4QTU0LXwoJ5M80ccAUMTb2FQLvELb4da4kk=",
        "owner": "petrkozorezov",
        "repo": "firefox-addons-nix",
        "rev": "58dc0abc45922f8fac419076a6ff127eba210792",
        "type": "github"
      },
      "original": {
        "owner": "petrkozorezov",
        "repo": "firefox-addons-nix",
        "type": "github"
      }
    },
    "firefox-gnome-theme": {
      "flake": false,
      "locked": {
        "lastModified": 1782007937,
        "narHash": "sha256-PbnJr+eB+9Czol3ReI83dUgEhcn0sDK6TSy6ODTQm88=",
        "owner": "rafaelmardojai",
        "repo": "firefox-gnome-theme",
        "rev": "981bd332015397fb1ca033fa982bd61635160c78",
        "type": "github"
      },
      "original": {
        "owner": "rafaelmardojai",
        "repo": "firefox-gnome-theme",
        "type": "github"
      }
    },
    "flake-compat": {
      "flake": false,
      "locked": {
        "lastModified": 1767039857,
        "narHash": "sha256-vNpUSpF5Nuw8xvDLj2KCwwksIbjua2LZCqhV1LNRDns=",
        "owner": "edolstra",
        "repo": "flake-compat",
        "rev": "5edf11c44bc78a0d334f6334cdaf7d60d732daab",
        "type": "github"
      },
      "original": {
        "owner": "edolstra",
        "repo": "flake-compat",
        "type": "github"
      }
    },
    "flake-compat_2": {
      "flake": false,
      "locked": {
        "lastModified": 1767039857,
        "narHash": "sha256-vNpUSpF5Nuw8xvDLj2KCwwksIbjua2LZCqhV1LNRDns=",
        "owner": "NixOS",
        "repo": "flake-compat",
        "rev": "5edf11c44bc78a0d334f6334cdaf7d60d732daab",
        "type": "github"
      },
      "original": {
        "owner": "NixOS",
        "repo": "flake-compat",
        "type": "github"
      }
    },
    "flake-compat_3": {
      "flake": false,
      "locked": {
        "lastModified": 1767039857,
        "narHash": "sha256-vNpUSpF5Nuw8xvDLj2KCwwksIbjua2LZCqhV1LNRDns=",
        "owner": "NixOS",
        "repo": "flake-compat",
        "rev": "5edf11c44bc78a0d334f6334cdaf7d60d732daab",
        "type": "github"
      },
      "original": {
        "owner": "NixOS",
        "repo": "flake-compat",
        "type": "github"
      }
    },
    "flake-parts": {
      "inputs": {
        "nixpkgs-lib": "nixpkgs-lib"
      },
      "locked": {
        "lastModified": 1788450739,
        "narHash": "sha256-glZLQlzIn1fXH6PazR2iUmTo7kzzyYSshrWhLS9TqCU=",
        "owner": "hercules-ci",
        "repo": "flake-parts",
        "rev": "31729ca8cbdb4fa927b34e5f4353e6a83f39e993",
        "type": "github"
      },
      "original": {
        "owner": "hercules-ci",
        "repo": "flake-parts",
        "type": "github"
      }
    },
    "flake-parts_2": {
      "inputs": {
        "nixpkgs-lib": [
          "ncps",
          "nixpkgs"
        ]
      },
      "locked": {
        "lastModified": 1788450739,
        "narHash": "sha256-glZLQlzIn1fXH6PazR2iUmTo7kzzyYSshrWhLS9TqCU=",
        "owner": "hercules-ci",
        "repo": "flake-parts",
        "rev": "31729ca8cbdb4fa927b34e5f4353e6a83f39e993",
        "type": "github"
      },
      "original": {
        "owner": "hercules-ci",
        "repo": "flake-parts",
        "type": "github"
      }
    },
    "flake-parts_3": {
      "inputs": {
        "nixpkgs-lib": "nixpkgs-lib_2"
      },
      "locked": {
        "lastModified": 1788450739,
        "narHash": "sha256-glZLQlzIn1fXH6PazR2iUmTo7kzzyYSshrWhLS9TqCU=",
        "owner": "hercules-ci",
        "repo": "flake-parts",
        "rev": "31729ca8cbdb4fa927b34e5f4353e6a83f39e993",
        "type": "github"
      },
      "original": {
        "owner": "hercules-ci",
        "repo": "flake-parts",
        "type": "github"
      }
    },
    "flake-utils": {
      "inputs": {
        "systems": [
          "systems"
        ]
      },
      "locked": {
        "lastModified": 1731533236,
        "narHash": "sha256-l0KFg5HjrsfsO/JpG+r7fRrqm12kzFHyUHqHCVpMMbI=",
        "owner": "numtide",
        "repo": "flake-utils",
        "rev": "11707dc2f618dd54ca8739b309ec4fc024de578b",
        "type": "github"
      },
      "original": {
        "owner": "numtide",
        "repo": "flake-utils",
        "type": "github"
      }
    },
    "flake-utils_2": {
      "inputs": {
        "systems": "systems"
      },
      "locked": {
        "lastModified": 1731533236,
        "narHash": "sha256-l0KFg5HjrsfsO/JpG+r7fRrqm12kzFHyUHqHCVpMMbI=",
        "owner": "numtide",
        "repo": "flake-utils",
        "rev": "11707dc2f618dd54ca8739b309ec4fc024de578b",
        "type": "github"
      },
      "original": {
        "owner": "numtide",
        "repo": "flake-utils",
        "type": "github"
      }
    },
    "flat-flake": {
      "inputs": {
        "crane": "crane",
        "flake-compat": [
          "flake-compat"
        ],
        "flake-parts": [
          "flake-parts"
        ],
        "nixpkgs": [
          "nixpkgs"
        ],
        "rust-overlay": "rust-overlay",
        "systems": [
          "systems"
        ],
        "treefmt-nix": [
          "treefmt-nix"
        ]
      },
      "locked": {
        "lastModified": 1789153340,
        "narHash": "sha256-CMFMkicx+ZRvX3u9eNuN3ElbHbFkNW3zoluID2HgtTI=",
        "owner": "linyinfeng",
        "repo": "flat-flake",
        "rev": "bdbe7344af7bd1a876e16253aaa386e9eb7c47fb",
        "type": "github"
      },
      "original": {
        "owner": "linyinfeng",
        "repo": "flat-flake",
        "type": "github"
      }
    },
    "fromYaml": {
      "flake": false,
      "locked": {
        "lastModified": 1731966426,
        "narHash": "sha256-lq95WydhbUTWig/JpqiB7oViTcHFP8Lv41IGtayokA8=",
        "owner": "SenchoPens",
        "repo": "fromYaml",
        "rev": "106af9e2f715e2d828df706c386a685698f3223b",
        "type": "github"
      },
      "original": {
        "owner": "SenchoPens",
        "repo": "fromYaml",
        "type": "github"
      }
    },
    "git-hooks": {
      "inputs": {
        "flake-compat": [
          "flake-compat"
        ],
        "nixpkgs": [
          "nixpkgs"
        ]
      },
      "locked": {
        "lastModified": 1788267358,
        "narHash": "sha256-nt+lUqYVpc9Y6JeMd2WmXzCDojasdadKo0mWcluvY2Y=",
        "owner": "cachix",
        "repo": "git-hooks.nix",
        "rev": "27555e2624241fb116b49095df4caaee85a25691",
        "type": "github"
      },
      "original": {
        "owner": "cachix",
        "repo": "git-hooks.nix",
        "type": "github"
      }
    },
    "git-hooks-nix": {
      "inputs": {
        "flake-compat": "flake-compat_2",
        "nixpkgs": [
          "ncps",
          "nixpkgs"
        ]
      },
      "locked": {
        "lastModified": 1788267358,
        "narHash": "sha256-nt+lUqYVpc9Y6JeMd2WmXzCDojasdadKo0mWcluvY2Y=",
        "owner": "cachix",
        "repo": "git-hooks.nix",
        "rev": "27555e2624241fb116b49095df4caaee85a25691",
        "type": "github"
      },
      "original": {
        "owner": "cachix",
        "repo": "git-hooks.nix",
        "type": "github"
      }
    },
    "gnome-shell": {
      "flake": false,
      "locked": {
        "host": "gitlab.gnome.org",
        "lastModified": 1776175984,
        "narHash": "sha256-RJFlFW8GiMei6oqUGrMkGEvVqOH8U7Q8abc1yK4VKD8=",
        "owner": "GNOME",
        "repo": "gnome-shell",
        "rev": "e0fdc4c13250e9a9b8ea9594c83925274f4a5dca",
        "type": "gitlab"
      },
      "original": {
        "host": "gitlab.gnome.org",
        "owner": "GNOME",
        "ref": "50.1",
        "repo": "gnome-shell",
        "type": "gitlab"
      }
    },
    "home-manager": {
      "inputs": {
        "nixpkgs": [
          "nixpkgs"
        ]
      },
      "locked": {
        "lastModified": 1789150619,
        "narHash": "sha256-Vsgv5atXkGWOOdLOL8oQLnZSGt1h140synPfFdwbyjU=",
        "owner": "nix-community",
        "repo": "home-manager",
        "rev": "e4345d5ae8aa1def34378d2a60ac5e6e4c8fd7c1",
        "type": "github"
      },
      "original": {
        "owner": "nix-community",
        "repo": "home-manager",
        "type": "github"
      }
    },
    "home-manager_2": {
      "inputs": {
        "nixpkgs": [
          "nixcord",
          "nixpkgs"
        ]
      },
      "locked": {
        "lastModified": 1788642154,
        "narHash": "sha256-sPpQFVaFTDqO/4vvCAhuAhqTgqN/ygu+9eJcs5eB0js=",
        "owner": "nix-community",
        "repo": "home-manager",
        "rev": "fd0956c99c41ae3c13a73a638f1f7e963aebc4ab",
        "type": "github"
      },
      "original": {
        "owner": "nix-community",
        "ref": "release-26.05",
        "repo": "home-manager",
        "type": "github"
      }
    },
    "honkai-railway-grub-theme": {
      "inputs": {
        "flake-utils": [
          "flake-utils"
        ],
        "nixpkgs": [
          "nixpkgs"
        ]
      },
      "locked": {
        "lastModified": 1788231917,
        "narHash": "sha256-6/bqszh4m1Cu13oc6i6mKnYxDFCtOFf0SwKLm1KErgU=",
        "owner": "voidlhf",
        "repo": "StarRailGrubThemes",
        "rev": "3e92460ab5fba53260d2043d61249ecdc11836fc",
        "type": "github"
      },
      "original": {
        "owner": "voidlhf",
        "repo": "StarRailGrubThemes",
        "type": "github"
      }
    },
    "import-tree": {
      "locked": {
        "lastModified": 1763762820,
        "narHash": "sha256-ZvYKbFib3AEwiNMLsejb/CWs/OL/srFQ8AogkebEPF0=",
        "owner": "vic",
        "repo": "import-tree",
        "rev": "3c23749d8013ec6daa1d7255057590e9ca726646",
        "type": "github"
      },
      "original": {
        "owner": "vic",
        "repo": "import-tree",
        "type": "github"
      }
    },
    "kwin-effects-better-blur-dx": {
      "inputs": {
        "nixpkgs": [
          "nixpkgs"
        ],
        "utils": [
          "flake-utils"
        ]
      },
      "locked": {
        "lastModified": 1789073086,
        "narHash": "sha256-8/Y21fJFUDAM5GiahOBHxFXVOqhHEzhFmO5WC+Loi6Q=",
        "owner": "xarblu",
        "repo": "kwin-effects-better-blur-dx",
        "rev": "3d8c1a8fb05393f944751665775676955d040b89",
        "type": "github"
      },
      "original": {
        "owner": "xarblu",
        "repo": "kwin-effects-better-blur-dx",
        "type": "github"
      }
    },
    "llm-agents": {
      "inputs": {
        "bun2nix": "bun2nix",
        "flake-parts": [
          "flake-parts"
        ],
        "nixpkgs": [
          "nixpkgs"
        ],
        "systems": [
          "systems"
        ],
        "treefmt-nix": [
          "treefmt-nix"
        ]
      },
      "locked": {
        "lastModified": 1789170928,
        "narHash": "sha256-qP8miUSMFW/HLLtoz/wntX5rSEw563H5mcvXuHgmQOs=",
        "owner": "numtide",
        "repo": "llm-agents.nix",
        "rev": "95f48ce58bfb55a1a4d4d1ccdc4801b37cbb88c9",
        "type": "github"
      },
      "original": {
        "owner": "numtide",
        "repo": "llm-agents.nix",
        "type": "github"
      }
    },
    "markdown-apa7th-docx": {
      "inputs": {
        "nixpkgs": [
          "nixpkgs"
        ]
      },
      "locked": {
        "lastModified": 1788386533,
        "narHash": "sha256-eh8K/BizrdyUJz16plxVRNA7rKf/bCJaK4eyy7xiYBI=",
        "owner": "xddxdd",
        "repo": "markdown-apa7th-docx",
        "rev": "228e78032106114452180fa151fbecb0a9b03641",
        "type": "github"
      },
      "original": {
        "owner": "xddxdd",
        "repo": "markdown-apa7th-docx",
        "type": "github"
      }
    },
    "ncps": {
      "inputs": {
        "flake-parts": "flake-parts_2",
        "git-hooks-nix": "git-hooks-nix",
        "nixpkgs": [
          "nixpkgs"
        ],
        "process-compose-flake": "process-compose-flake",
        "treefmt-nix": "treefmt-nix",
        "trilium": "trilium"
      },
      "locked": {
        "lastModified": 1789099026,
        "narHash": "sha256-76+PXPZgiMZZTQNDMj4+GiAOD6S8MC6qApgGKkQxIiY=",
        "owner": "kalbasit",
        "repo": "ncps",
        "rev": "bb0e8e13921d7da5dda1fd6cec06839226345641",
        "type": "github"
      },
      "original": {
        "owner": "kalbasit",
        "repo": "ncps",
        "type": "github"
      }
    },
    "never-gonna-rust": {
      "inputs": {
        "flake-parts": [
          "flake-parts"
        ],
        "nixpkgs": [
          "nixpkgs"
        ],
        "rust-overlay": [
          "rust-overlay"
        ]
      },
      "locked": {
        "lastModified": 1783131726,
        "narHash": "sha256-TgpFMU3o91WdnczDB7sGPke3G7JZBl+9QAt4NXX7iSY=",
        "owner": "xddxdd",
        "repo": "never-gonna-rust",
        "rev": "e5d17fcdca5478fde0cdf7117b307142a15ab122",
        "type": "github"
      },
      "original": {
        "owner": "xddxdd",
        "repo": "never-gonna-rust",
        "type": "github"
      }
    },
    "nix-alien": {
      "inputs": {
        "flake-compat": [
          "flake-compat"
        ],
        "nix-index-database": [
          "nix-index-database"
        ],
        "nixpkgs": [
          "nixpkgs"
        ]
      },
      "locked": {
        "lastModified": 1784118096,
        "narHash": "sha256-iW7BzSkv27lII5FvrB6kPRO0CzOZj8utOIpvcFWjHgw=",
        "owner": "thiagokokada",
        "repo": "nix-alien",
        "rev": "df422df4324674417f91dee49bae401eef87c6ed",
        "type": "github"
      },
      "original": {
        "owner": "thiagokokada",
        "repo": "nix-alien",
        "type": "github"
      }
    },
    "nix-cachyos-kernel": {
      "inputs": {
        "flake-compat": [
          "flake-compat"
        ],
        "flake-parts": [
          "flake-parts"
        ],
        "nixpkgs": "nixpkgs_3"
      },
      "locked": {
        "lastModified": 1789070668,
        "narHash": "sha256-Zel41jsQnKlZQHBFndBoRCJ3WfJCXknV2jL0GJbLy9k=",
        "owner": "xddxdd",
        "repo": "nix-cachyos-kernel",
        "rev": "b8538a38adfd2a443aa0f8f3d506c29161f71f5f",
        "type": "github"
      },
      "original": {
        "owner": "xddxdd",
        "ref": "release",
        "repo": "nix-cachyos-kernel",
        "type": "github"
      }
    },
    "nix-darwin": {
      "inputs": {
        "nixpkgs": [
          "fast-nix-gc",
          "nixpkgs"
        ]
      },
      "locked": {
        "lastModified": 1785389976,
        "narHash": "sha256-0tLW8Ff5yt8AH97jw4ZpFJ0OCJ122zIlgWGDmOfU/VU=",
        "owner": "nix-darwin",
        "repo": "nix-darwin",
        "rev": "15abb8c98f336cd8bd840d71059adebabe60bf04",
        "type": "github"
      },
      "original": {
        "owner": "nix-darwin",
        "repo": "nix-darwin",
        "type": "github"
      }
    },
    "nix-darwin_2": {
      "inputs": {
        "nixpkgs": [
          "nixcord",
          "nixpkgs"
        ]
      },
      "locked": {
        "lastModified": 1783744694,
        "narHash": "sha256-2cp6N3rrwnGYLTx9l6N+NI+kwrCWxvJUbj5WJhvB29A=",
        "owner": "nix-darwin",
        "repo": "nix-darwin",
        "rev": "c3e90c89649b07d1a96e4b9dd6cd0d6e44b91a74",
        "type": "github"
      },
      "original": {
        "owner": "nix-darwin",
        "ref": "nix-darwin-26.05",
        "repo": "nix-darwin",
        "type": "github"
      }
    },
    "nix-gaming": {
      "inputs": {
        "flake-compat": [
          "flake-compat"
        ],
        "flake-parts": [
          "flake-parts"
        ],
        "git-hooks": [
          "git-hooks"
        ],
        "nixpkgs": [
          "nixpkgs"
        ]
      },
      "locked": {
        "lastModified": 1789099111,
        "narHash": "sha256-c4+dnCF/F3O9iKGHeAQ6mKy5ZcW+mFkFjzRowEe1tJk=",
        "owner": "fufexan",
        "repo": "nix-gaming",
        "rev": "d765d37f70d90b8373275053fa5fcf76b1cea71f",
        "type": "github"
      },
      "original": {
        "owner": "fufexan",
        "repo": "nix-gaming",
        "type": "github"
      }
    },
    "nix-github-actions": {
      "inputs": {
        "nixpkgs": [
          "colmena",
          "nixpkgs"
        ]
      },
      "locked": {
        "lastModified": 1737420293,
        "narHash": "sha256-F1G5ifvqTpJq7fdkT34e/Jy9VCyzd5XfJ9TO8fHhJWE=",
        "owner": "nix-community",
        "repo": "nix-github-actions",
        "rev": "f4158fa080ef4503c8f4c820967d946c2af31ec9",
        "type": "github"
      },
      "original": {
        "owner": "nix-community",
        "repo": "nix-github-actions",
        "type": "github"
      }
    },
    "nix-index-database": {
      "inputs": {
        "nixpkgs": [
          "nixpkgs"
        ]
      },
      "locked": {
        "lastModified": 1788680125,
        "narHash": "sha256-amGSoDobwmp4CFvCn841ws2iuitus+HUJdD/gKgsrJA=",
        "owner": "nix-community",
        "repo": "nix-index-database",
        "rev": "116ad1c2adb642405ef8916f6a94c8626f971344",
        "type": "github"
      },
      "original": {
        "owner": "nix-community",
        "repo": "nix-index-database",
        "type": "github"
      }
    },
    "nix-math": {
      "inputs": {
        "flake-parts": [
          "flake-parts"
        ],
        "nixpkgs": [
          "nixpkgs"
        ]
      },
      "locked": {
        "lastModified": 1782186959,
        "narHash": "sha256-YWUcFge5KsiVcMeDtfbGw/A1iLmY/2ChFztelQiALSQ=",
        "owner": "xddxdd",
        "repo": "nix-math",
        "rev": "a8de20648e26d2874fc04e26683c2ae2bec6ea0e",
        "type": "github"
      },
      "original": {
        "owner": "xddxdd",
        "repo": "nix-math",
        "type": "github"
      }
    },
    "nixcord": {
      "inputs": {
        "home-manager": "home-manager_2",
        "nix-darwin": "nix-darwin_2",
        "nixpkgs": [
          "nixpkgs"
        ],
        "nixpkgs-nixcord": "nixpkgs-nixcord",
        "treefmt-nix": "treefmt-nix_2"
      },
      "locked": {
        "lastModified": 1789115297,
        "narHash": "sha256-Oa+iNm4QccTh+ytbs2N9EHTNZ5nDI5Baf7fIfxbLH50=",
        "owner": "kaylorben",
        "repo": "nixcord",
        "rev": "d19bed0c9ad52678cdd1e0fd6fa2f21d6abab374",
        "type": "github"
      },
      "original": {
        "owner": "kaylorben",
        "repo": "nixcord",
        "type": "github"
      }
    },
    "nixfmt-rs": {
      "inputs": {
        "nixpkgs": [
          "nixpkgs"
        ],
        "treefmt-nix": [
          "treefmt-nix"
        ]
      },
      "locked": {
        "lastModified": 1788379502,
        "narHash": "sha256-KSHuKv1B5FV64yA5j+0WBdiTpWMtQrIUia1xXnyvl7o=",
        "owner": "Mic92",
        "repo": "nixfmt-rs",
        "rev": "0b3f3cffc584b7c0661814bedf0af042dd23d105",
        "type": "github"
      },
      "original": {
        "owner": "Mic92",
        "repo": "nixfmt-rs",
        "type": "github"
      }
    },
    "nixfmt-rs_2": {
      "inputs": {
        "nixpkgs": [
          "zhyi-packages",
          "nixpkgs"
        ],
        "treefmt-nix": [
          "zhyi-packages",
          "treefmt-nix"
        ]
      },
      "locked": {
        "lastModified": 1788379502,
        "narHash": "sha256-KSHuKv1B5FV64yA5j+0WBdiTpWMtQrIUia1xXnyvl7o=",
        "owner": "Mic92",
        "repo": "nixfmt-rs",
        "rev": "0b3f3cffc584b7c0661814bedf0af042dd23d105",
        "type": "github"
      },
      "original": {
        "owner": "Mic92",
        "repo": "nixfmt-rs",
        "type": "github"
      }
    },
    "nixpkgs": {
      "locked": {
        "lastModified": 1788752844,
        "narHash": "sha256-VaWGJ6+cIYN2erfSecbRV+4ljI185Ty2wUrXyvQbgOw=",
        "owner": "NixOS",
        "repo": "nixpkgs",
        "rev": "dc5d91f840324650bac8c379428c7037a416959a",
        "type": "github"
      },
      "original": {
        "owner": "NixOS",
        "ref": "nixos-unstable",
        "repo": "nixpkgs",
        "type": "github"
      }
    },
    "nixpkgs-lib": {
      "locked": {
        "lastModified": 1788057806,
        "narHash": "sha256-DTQSMxzDWmT0zhguthvegnVkn7CFqGCv4IHCzk5ZUpM=",
        "owner": "nix-community",
        "repo": "nixpkgs.lib",
        "rev": "596e2e3940e09b2abbeb03f75fa1828c57fcd72c",
        "type": "github"
      },
      "original": {
        "owner": "nix-community",
        "repo": "nixpkgs.lib",
        "type": "github"
      }
    },
    "nixpkgs-lib_2": {
      "locked": {
        "lastModified": 1788057806,
        "narHash": "sha256-DTQSMxzDWmT0zhguthvegnVkn7CFqGCv4IHCzk5ZUpM=",
        "owner": "nix-community",
        "repo": "nixpkgs.lib",
        "rev": "596e2e3940e09b2abbeb03f75fa1828c57fcd72c",
        "type": "github"
      },
      "original": {
        "owner": "nix-community",
        "repo": "nixpkgs.lib",
        "type": "github"
      }
    },
    "nixpkgs-libvncserver": {
      "locked": {
        "lastModified": 1750111231,
        "narHash": "sha256-3a7Tha/RwYlzH/v3PJrG7+HjOj4c6YOv2K8sqdGsHVQ=",
        "owner": "NixOS",
        "repo": "nixpkgs",
        "rev": "e6f23dc08d3624daab7094b701aa3954923c6bbb",
        "type": "github"
      },
      "original": {
        "owner": "NixOS",
        "repo": "nixpkgs",
        "rev": "e6f23dc08d3624daab7094b701aa3954923c6bbb",
        "type": "github"
      }
    },
    "nixpkgs-multiverse": {
      "locked": {
        "lastModified": 1789158812,
        "narHash": "sha256-f7ImFehiGdNILVIyZXdJBoYJQYoyfoovIvqWFQ3s8Rc=",
        "owner": "fzakaria",
        "repo": "nixpkgs-multiverse",
        "rev": "c0a4b9aa6abeb72e0bf44cc6111b7b0424f2836a",
        "type": "github"
      },
      "original": {
        "owner": "fzakaria",
        "repo": "nixpkgs-multiverse",
        "type": "github"
      }
    },
    "nixpkgs-nixcord": {
      "locked": {
        "lastModified": 1788921488,
        "narHash": "sha256-8+xWRxEkD6l217cIUdRxfeUGS9lQX0hVtUuNVsBaDzk=",
        "owner": "NixOS",
        "repo": "nixpkgs",
        "rev": "6aefcda9401be8acc2b74244fb3b37520ea1f0a8",
        "type": "github"
      },
      "original": {
        "owner": "NixOS",
        "ref": "nixos-26.05",
        "repo": "nixpkgs",
        "type": "github"
      }
    },
    "nixpkgs-stable": {
      "locked": {
        "lastModified": 1787753485,
        "narHash": "sha256-BZWCi9ZRJiARTuKTbbtvFTj7t1TK4G3UEckT3HyNfRg=",
        "owner": "NixOS",
        "repo": "nixpkgs",
        "rev": "062346a6d85bc4b49dfaa61c986e9c5be21217d1",
        "type": "github"
      },
      "original": {
        "owner": "NixOS",
        "ref": "nixos-26.05",
        "repo": "nixpkgs",
        "type": "github"
      }
    },
    "nixpkgs_2": {
      "locked": {
        "lastModified": 1769184885,
        "narHash": "sha256-wVX5Cqpz66SINNsmt3Bv/Ijzzfl8EPUISq5rKK129K0=",
        "owner": "NixOS",
        "repo": "nixpkgs",
        "rev": "12689597ba7a6d776c3c979f393896be095269d4",
        "type": "github"
      },
      "original": {
        "owner": "NixOS",
        "repo": "nixpkgs",
        "type": "github"
      }
    },
    "nixpkgs_3": {
      "locked": {
        "lastModified": 1789034407,
        "narHash": "sha256-7X4GZ0KK5qHF9lppR9IlfXShYGcxxw1Kcjj8m5+19H0=",
        "owner": "NixOS",
        "repo": "nixpkgs",
        "rev": "3824e02a19d7dccf95c30aa1cab8c857323d2201",
        "type": "github"
      },
      "original": {
        "owner": "NixOS",
        "ref": "nixos-unstable-small",
        "repo": "nixpkgs",
        "type": "github"
      }
    },
    "nixpkgs_4": {
      "locked": {
        "lastModified": 1789006805,
        "narHash": "sha256-xB8mKMOx1IA9vTDNLmJZ6n4wCMq/cuWBBOzGCRnqxrU=",
        "owner": "NixOS",
        "repo": "nixpkgs",
        "rev": "8ce4ef6cb6f871616146b9fe26d2a5ae594e94fe",
        "type": "github"
      },
      "original": {
        "owner": "NixOS",
        "ref": "nixos-unstable",
        "repo": "nixpkgs",
        "type": "github"
      }
    },
    "nur": {
      "inputs": {
        "flake-parts": [
          "flake-parts"
        ],
        "nixpkgs": [
          "nixpkgs"
        ]
      },
      "locked": {
        "lastModified": 1789176609,
        "narHash": "sha256-BZw44MKKhAaaf6FrOCG08/tkY1AVs6uiDqd1AfR4JYU=",
        "owner": "nix-community",
        "repo": "NUR",
        "rev": "8012541b6af9421b4d6e011fcec12758f7a632fd",
        "type": "github"
      },
      "original": {
        "owner": "nix-community",
        "repo": "NUR",
        "type": "github"
      }
    },
    "nur-xddxdd": {
      "inputs": {
        "devshell": "devshell",
        "flake-parts": [
          "flake-parts"
        ],
        "nix-cachyos-kernel": [
          "nix-cachyos-kernel"
        ],
        "nix-index-database": [
          "nix-index-database"
        ],
        "nixfmt-rs": [
          "nixfmt-rs"
        ],
        "nixpkgs": [
          "nixpkgs"
        ],
        "pre-commit-hooks-nix": [
          "git-hooks"
        ],
        "treefmt-nix": [
          "treefmt-nix"
        ]
      },
      "locked": {
        "lastModified": 1789166535,
        "narHash": "sha256-5mEaPDQ3i2ua8gtNoviTl6U8PTNazJzZy+xk6hTy5q8=",
        "owner": "xddxdd",
        "repo": "nur-packages",
        "rev": "17352ef1ec5502a686e8298d410068db133f0ef7",
        "type": "github"
      },
      "original": {
        "owner": "xddxdd",
        "repo": "nur-packages",
        "type": "github"
      }
    },
    "picoforge": {
      "inputs": {
        "flake-parts": [
          "flake-parts"
        ],
        "nixpkgs": [
          "nixpkgs"
        ]
      },
      "locked": {
        "lastModified": 1788606635,
        "narHash": "sha256-42yW3SCGWSQcyiiQvYlElSyQJOcUFoa5LnVwnfjg0GQ=",
        "owner": "librekeys",
        "repo": "picoforge",
        "rev": "290436004e1d5c8859e9c4aaad368cbc12ea6ce0",
        "type": "github"
      },
      "original": {
        "owner": "librekeys",
        "repo": "picoforge",
        "type": "github"
      }
    },
    "plasma-manager": {
      "inputs": {
        "home-manager": [
          "home-manager"
        ],
        "nixpkgs": [
          "nixpkgs"
        ]
      },
      "locked": {
        "lastModified": 1785762349,
        "narHash": "sha256-jZhZkzAwc7f3exzcTDJWP2WCAchCv0iNC3UF/QsahdQ=",
        "owner": "nix-community",
        "repo": "plasma-manager",
        "rev": "a19a2a029fa180911bd89c554dca1616e10f4c1d",
        "type": "github"
      },
      "original": {
        "owner": "nix-community",
        "repo": "plasma-manager",
        "type": "github"
      }
    },
    "pnpm2nix": {
      "inputs": {
        "flake-utils": [
          "ncps",
          "trilium",
          "flake-utils"
        ],
        "nixpkgs": [
          "ncps",
          "trilium",
          "nixpkgs"
        ]
      },
      "locked": {
        "lastModified": 1749022118,
        "narHash": "sha256-7Qzmy1snKbxFBKoqUrfyxxmEB8rPxDdV7PQwRiAR01o=",
        "owner": "FliegendeWurst",
        "repo": "pnpm2nix-nzbr",
        "rev": "35f88a41d29839b3989f31871263451c8e092cb1",
        "type": "github"
      },
      "original": {
        "owner": "FliegendeWurst",
        "repo": "pnpm2nix-nzbr",
        "type": "github"
      }
    },
    "pre-commit-hooks-nix": {
      "inputs": {
        "flake-compat": "flake-compat_3",
        "nixpkgs": [
          "zhyi-packages",
          "nixpkgs"
        ]
      },
      "locked": {
        "lastModified": 1788267358,
        "narHash": "sha256-nt+lUqYVpc9Y6JeMd2WmXzCDojasdadKo0mWcluvY2Y=",
        "owner": "cachix",
        "repo": "pre-commit-hooks.nix",
        "rev": "27555e2624241fb116b49095df4caaee85a25691",
        "type": "github"
      },
      "original": {
        "owner": "cachix",
        "repo": "pre-commit-hooks.nix",
        "type": "github"
      }
    },
    "preservation": {
      "locked": {
        "lastModified": 1751384068,
        "narHash": "sha256-xGq+Om1ReXcQy6h57yj9V5nOM84g/GBJ3m6oxe1a3js=",
        "owner": "WilliButz",
        "repo": "preservation",
        "rev": "286737ba485f30c1687c833e66f5901a6c8dc019",
        "type": "github"
      },
      "original": {
        "owner": "WilliButz",
        "repo": "preservation",
        "rev": "286737ba485f30c1687c833e66f5901a6c8dc019",
        "type": "github"
      }
    },
    "process-compose-flake": {
      "locked": {
        "lastModified": 1782060835,
        "narHash": "sha256-Q8HH2t1l3MITtWCWY4ytcH5F/Q7aAHo3Iq/QTMAKTe0=",
        "owner": "Platonic-Systems",
        "repo": "process-compose-flake",
        "rev": "464ff6880737f063c3f0d3d2c7781fda9190868f",
        "type": "github"
      },
      "original": {
        "owner": "Platonic-Systems",
        "repo": "process-compose-flake",
        "type": "github"
      }
    },
    "proxmox-nixos": {
      "inputs": {
        "flake-compat": [
          "flake-compat"
        ],
        "nixpkgs-libvncserver": "nixpkgs-libvncserver",
        "nixpkgs-stable": "nixpkgs-stable",
        "utils": [
          "flake-utils"
        ]
      },
      "locked": {
        "lastModified": 1788693049,
        "narHash": "sha256-WW4mP+zlr3rtwfQWm6URkr7cQZmdbFJheRF9h/itCWg=",
        "owner": "xddxdd",
        "repo": "proxmox-nixos",
        "rev": "eb923ae107aa6127cc78e8757a54ee08051d1e65",
        "type": "github"
      },
      "original": {
        "owner": "xddxdd",
        "repo": "proxmox-nixos",
        "type": "github"
      }
    },
    "root": {
      "inputs": {
        "audio-cpp": "audio-cpp",
        "betterfox-nix": "betterfox-nix",
        "chinese-fonts-overlay": "chinese-fonts-overlay",
        "colmena": "colmena",
        "comfyui-nix": "comfyui-nix",
        "country-ip-blocks": "country-ip-blocks",
        "fast-nix-gc": "fast-nix-gc",
        "firefox-addons": "firefox-addons",
        "flake-compat": "flake-compat",
        "flake-parts": "flake-parts",
        "flake-utils": "flake-utils",
        "flat-flake": "flat-flake",
        "git-hooks": "git-hooks",
        "home-manager": "home-manager",
        "honkai-railway-grub-theme": "honkai-railway-grub-theme",
        "kwin-effects-better-blur-dx": "kwin-effects-better-blur-dx",
        "llm-agents": "llm-agents",
        "markdown-apa7th-docx": "markdown-apa7th-docx",
        "ncps": "ncps",
        "never-gonna-rust": "never-gonna-rust",
        "nix-alien": "nix-alien",
        "nix-cachyos-kernel": "nix-cachyos-kernel",
        "nix-gaming": "nix-gaming",
        "nix-index-database": "nix-index-database",
        "nix-math": "nix-math",
        "nixcord": "nixcord",
        "nixfmt-rs": "nixfmt-rs",
        "nixpkgs": "nixpkgs_4",
        "nixpkgs-multiverse": "nixpkgs-multiverse",
        "nur": "nur",
        "nur-xddxdd": "nur-xddxdd",
        "picoforge": "picoforge",
        "plasma-manager": "plasma-manager",
        "preservation": "preservation",
        "proxmox-nixos": "proxmox-nixos",
        "rust-overlay": "rust-overlay_2",
        "secrets": "secrets",
        "sops-nix": "sops-nix",
        "srvos": "srvos",
        "stylix": "stylix",
        "systems": "systems_2",
        "treefmt-nix": "treefmt-nix_3",
        "zhyi-packages": "zhyi-packages"
      }
    },
    "rust-overlay": {
      "inputs": {
        "nixpkgs": [
          "flat-flake",
          "nixpkgs"
        ]
      },
      "locked": {
        "lastModified": 1789110695,
        "narHash": "sha256-llh6ZJN8/G4QCED9m6nHEfWhz2ONOzkKyvWHivNqW7A=",
        "owner": "oxalica",
        "repo": "rust-overlay",
        "rev": "ab777f900c3de943e117eb4814ddff6f645b28ad",
        "type": "github"
      },
      "original": {
        "owner": "oxalica",
        "repo": "rust-overlay",
        "type": "github"
      }
    },
    "rust-overlay_2": {
      "inputs": {
        "nixpkgs": [
          "nixpkgs"
        ]
      },
      "locked": {
        "lastModified": 1789110695,
        "narHash": "sha256-llh6ZJN8/G4QCED9m6nHEfWhz2ONOzkKyvWHivNqW7A=",
        "owner": "oxalica",
        "repo": "rust-overlay",
        "rev": "ab777f900c3de943e117eb4814ddff6f645b28ad",
        "type": "github"
      },
      "original": {
        "owner": "oxalica",
        "repo": "rust-overlay",
        "type": "github"
      }
    },
    "secrets": {
      "inputs": {
        "flake-parts": [
          "flake-parts"
        ],
        "nixpkgs": [
          "nixpkgs"
        ],
        "nur-xddxdd": [
          "nur-xddxdd"
        ]
      },
      "locked": {
        "lastModified": 1789143071,
        "narHash": "sha256-HIxea6Y3go65I7yA5c9WiuoQoNWezjHKXD6GdgUjSY4=",
        "owner": "zhyiheihei",
        "repo": "nixos-secrets",
        "rev": "5c8cca0c3a2f2c1cc764b57889e33ac985dc0af5",
        "type": "github"
      },
      "original": {
        "owner": "zhyiheihei",
        "repo": "nixos-secrets",
        "type": "github"
      }
    },
    "sops-nix": {
      "inputs": {
        "nixpkgs": [
          "nixpkgs"
        ]
      },
      "locked": {
        "lastModified": 1788914643,
        "narHash": "sha256-4GuMPW90JSxXWDPUB9M+1m7fYbe3H0apOd86/zBQ2Kw=",
        "owner": "Mic92",
        "repo": "sops-nix",
        "rev": "13616fff713a9f94055c66f15687ebdc17a335df",
        "type": "github"
      },
      "original": {
        "owner": "Mic92",
        "repo": "sops-nix",
        "type": "github"
      }
    },
    "srvos": {
      "inputs": {
        "nixpkgs": [
          "nixpkgs"
        ]
      },
      "locked": {
        "lastModified": 1789007339,
        "narHash": "sha256-qkZm/U4RI0E47/v+H/dvgfIrKuuQYb/pVh3BD4C23kE=",
        "owner": "nix-community",
        "repo": "srvos",
        "rev": "ee2f679bdc7324f90dc73c0f22f2d5fab25b1b33",
        "type": "github"
      },
      "original": {
        "owner": "nix-community",
        "repo": "srvos",
        "type": "github"
      }
    },
    "stylix": {
      "inputs": {
        "base16": "base16",
        "base16-fish": "base16-fish",
        "base16-helix": "base16-helix",
        "base16-vim": "base16-vim",
        "firefox-gnome-theme": "firefox-gnome-theme",
        "flake-parts": [
          "flake-parts"
        ],
        "gnome-shell": "gnome-shell",
        "nixpkgs": [
          "nixpkgs"
        ],
        "nur": [
          "nur"
        ],
        "systems": [
          "systems"
        ],
        "tinted-kitty": "tinted-kitty",
        "tinted-schemes": "tinted-schemes",
        "tinted-tmux": "tinted-tmux",
        "tinted-zed": "tinted-zed"
      },
      "locked": {
        "lastModified": 1784742797,
        "narHash": "sha256-s4H9D2XmLNv6VnDEscgKXLjRWB64xbcduDDcAywxBGc=",
        "owner": "make-42",
        "repo": "stylix",
        "rev": "590e0ba122c9672bee570de084b1c9cd55b369c2",
        "type": "github"
      },
      "original": {
        "owner": "make-42",
        "ref": "step-2-inputmapping-clean-root",
        "repo": "stylix",
        "type": "github"
      }
    },
    "systems": {
      "locked": {
        "lastModified": 1681028828,
        "narHash": "sha256-Vy1rq5AaRuLzOxct8nz4T6wlgyUR7zLU309k9mBC768=",
        "owner": "nix-systems",
        "repo": "default",
        "rev": "da67096a3b9bf56a91d16901293e51ba5b49a27e",
        "type": "github"
      },
      "original": {
        "owner": "nix-systems",
        "repo": "default",
        "type": "github"
      }
    },
    "systems_2": {
      "locked": {
        "lastModified": 1681028828,
        "narHash": "sha256-Vy1rq5AaRuLzOxct8nz4T6wlgyUR7zLU309k9mBC768=",
        "owner": "nix-systems",
        "repo": "default",
        "rev": "da67096a3b9bf56a91d16901293e51ba5b49a27e",
        "type": "github"
      },
      "original": {
        "owner": "nix-systems",
        "repo": "default",
        "type": "github"
      }
    },
    "tinted-kitty": {
      "flake": false,
      "locked": {
        "lastModified": 1735730497,
        "narHash": "sha256-4KtB+FiUzIeK/4aHCKce3V9HwRvYaxX+F1edUrfgzb8=",
        "owner": "tinted-theming",
        "repo": "tinted-kitty",
        "rev": "de6f888497f2c6b2279361bfc790f164bfd0f3fa",
        "type": "github"
      },
      "original": {
        "owner": "tinted-theming",
        "repo": "tinted-kitty",
        "type": "github"
      }
    },
    "tinted-schemes": {
      "flake": false,
      "locked": {
        "lastModified": 1781968807,
        "narHash": "sha256-yYO3Vw2M0y3TAUqt+9+Mj0zwP3XDTF5/PXcPhhFQ1ZM=",
        "owner": "tinted-theming",
        "repo": "schemes",
        "rev": "2ccef2f4b22e3cab5a9292811f7133a07eeba4a7",
        "type": "github"
      },
      "original": {
        "owner": "tinted-theming",
        "repo": "schemes",
        "type": "github"
      }
    },
    "tinted-tmux": {
      "flake": false,
      "locked": {
        "lastModified": 1782012462,
        "narHash": "sha256-2iDiD8DQLwS1lGuD9TS8WlvNyDoTs6krWntJbtB2zGo=",
        "owner": "tinted-theming",
        "repo": "tinted-tmux",
        "rev": "8c4e750f738a742bd73377ee41d3dadedebedef4",
        "type": "github"
      },
      "original": {
        "owner": "tinted-theming",
        "repo": "tinted-tmux",
        "type": "github"
      }
    },
    "tinted-zed": {
      "flake": false,
      "locked": {
        "lastModified": 1782009766,
        "narHash": "sha256-VUhBjpGvWqHI7rWeyMYb/u87YJSXHKfVV6S+IelWeO8=",
        "owner": "tinted-theming",
        "repo": "base16-zed",
        "rev": "5e8350bcd354e3241ab681a265fa6ef060c40be1",
        "type": "github"
      },
      "original": {
        "owner": "tinted-theming",
        "repo": "base16-zed",
        "type": "github"
      }
    },
    "treefmt-nix": {
      "inputs": {
        "nixpkgs": [
          "ncps",
          "nixpkgs"
        ]
      },
      "locked": {
        "lastModified": 1786901030,
        "narHash": "sha256-WSFCsDSE5ffgD2MqzkM2CYjeFiKhRF/dJUN8uedb6YE=",
        "owner": "numtide",
        "repo": "treefmt-nix",
        "rev": "27b3b12a8e6375f28ebe122f07d230ca5459bbfa",
        "type": "github"
      },
      "original": {
        "owner": "numtide",
        "repo": "treefmt-nix",
        "type": "github"
      }
    },
    "treefmt-nix_2": {
      "inputs": {
        "nixpkgs": [
          "nixcord",
          "nixpkgs"
        ]
      },
      "locked": {
        "lastModified": 1786901030,
        "narHash": "sha256-WSFCsDSE5ffgD2MqzkM2CYjeFiKhRF/dJUN8uedb6YE=",
        "owner": "numtide",
        "repo": "treefmt-nix",
        "rev": "27b3b12a8e6375f28ebe122f07d230ca5459bbfa",
        "type": "github"
      },
      "original": {
        "owner": "numtide",
        "repo": "treefmt-nix",
        "type": "github"
      }
    },
    "treefmt-nix_3": {
      "inputs": {
        "nixpkgs": [
          "nixpkgs"
        ]
      },
      "locked": {
        "lastModified": 1786901030,
        "narHash": "sha256-WSFCsDSE5ffgD2MqzkM2CYjeFiKhRF/dJUN8uedb6YE=",
        "owner": "numtide",
        "repo": "treefmt-nix",
        "rev": "27b3b12a8e6375f28ebe122f07d230ca5459bbfa",
        "type": "github"
      },
      "original": {
        "owner": "numtide",
        "repo": "treefmt-nix",
        "type": "github"
      }
    },
    "treefmt-nix_4": {
      "inputs": {
        "nixpkgs": [
          "zhyi-packages",
          "nixpkgs"
        ]
      },
      "locked": {
        "lastModified": 1786901030,
        "narHash": "sha256-WSFCsDSE5ffgD2MqzkM2CYjeFiKhRF/dJUN8uedb6YE=",
        "owner": "numtide",
        "repo": "treefmt-nix",
        "rev": "27b3b12a8e6375f28ebe122f07d230ca5459bbfa",
        "type": "github"
      },
      "original": {
        "owner": "numtide",
        "repo": "treefmt-nix",
        "type": "github"
      }
    },
    "trilium": {
      "inputs": {
        "flake-utils": "flake-utils_2",
        "nixpkgs": "nixpkgs_2",
        "pnpm2nix": "pnpm2nix"
      },
      "locked": {
        "lastModified": 1775406604,
        "narHash": "sha256-vYs06tpTxqJ6JTFTgBc3mBeuu7Nnms9ug1MCcKgeKD4=",
        "owner": "TriliumNext",
        "repo": "Trilium",
        "rev": "bf234397923e912b4f8c5b898ab79aa37f5cc286",
        "type": "github"
      },
      "original": {
        "owner": "TriliumNext",
        "ref": "v0.102.2",
        "repo": "Trilium",
        "type": "github"
      }
    },
    "zhyi-packages": {
      "inputs": {
        "devshell": "devshell_2",
        "flake-parts": "flake-parts_3",
        "nixfmt-rs": "nixfmt-rs_2",
        "nixpkgs": [
          "nixpkgs"
        ],
        "pre-commit-hooks-nix": "pre-commit-hooks-nix",
        "treefmt-nix": "treefmt-nix_4"
      },
      "locked": {
        "lastModified": 1789166242,
        "narHash": "sha256-Vzl23LJG5TXXcxLpNi6zcAIVitf5W8DCCinBUZIdY88=",
        "owner": "zhyiheihei",
        "repo": "zhyi-packages",
        "rev": "2c463bcba01364b7d1bd470cb30c75e5310b10e4",
        "type": "github"
      },
      "original": {
        "owner": "zhyiheihei",
        "repo": "zhyi-packages",
        "type": "github"
      }
    }
  },
  "root": "root",
  "version": 7
}
